{
    "_readme": [
        "This file locks the dependencies of your project to a known state",
        "Read more about it at https://getcomposer.org/doc/01-basic-usage.md#installing-dependencies",
        "This file is @generated automatically"
    ],
    "content-hash": "f736eb97f8f83ad3c9a22e5e46334488",
    "packages": [
        {
            "name": "svyatov/curlwrapper",
            "version": "v1.3.0",
            "source": {
                "type": "git",
                "url": "https://github.com/svyatov/CurlWrapper.git",
                "reference": "15596a4b544d897d969487222da2018f35717542"
            },
            "dist": {
                "type": "zip",
                "url": "https://api.github.com/repos/svyatov/CurlWrapper/zipball/15596a4b544d897d969487222da2018f35717542",
                "reference": "15596a4b544d897d969487222da2018f35717542",
                "shasum": ""
            },
            "require": {
                "php": ">=5.3.2"
            },
            "type": "library",
            "autoload": {
                "classmap": [
                    "CurlWrapper.php"
                ]
            },
            "notification-url": "https://packagist.org/downloads/",
            "license": [
                "MIT"
            ],
            "authors": [
                {
                    "name": "Leonid Svyatov",
                    "email": "leonid@svyatov.ru",
                    "homepage": "http://svyatov.ru",
                    "role": "Developer"
                }
            ],
            "description": "Flexible wrapper class for PHP cURL extension",
            "homepage": "https://github.com/svyatov/CurlWrapper",
            "keywords": [
                "curl",
                "helper",
                "http",
                "util"
            ],
            "support": {
                "email": "leonid@svyatov.ru",
                "issues": "https://github.com/svyatov/CurlWrapper/issues",
                "source": "https://github.com/svyatov/CurlWrapper"
            },
            "time": "2014-09-23T04:56:30+00:00"
        }
    ],
    "packages-dev": [],
    "aliases": [],
    "minimum-stability": "stable",
    "stability-flags": [],
    "prefer-stable": false,
    "prefer-lowest": false,
    "platform": [],
    "platform-dev": [],
    "plugin-api-version": "2.3.0"
}
